
Microsoft Visual Studio Solution File, Format Version 12.00
# Visual Studio Version 16
VisualStudioVersion = 16.0.31424.327
MinimumVisualStudioVersion = 10.0.40219.1
Project("{FAE04EC0-301F-11D3-BF4B-00C04F79EFBC}") = "TvMaze.ShowCastRestApi", "TvMaze.ShowCastRestApi\TvMaze.ShowCastRestApi.csproj", "{B61CD8B7-483B-4A42-88F8-5CC3B6AD5B7C}"
EndProject
Project("{FAE04EC0-301F-11D3-BF4B-00C04F79EFBC}") = "TvMaze.DataAccess", "TvMaze.DataAccess\TvMaze.DataAccess.csproj", "{FDC9ED62-AF3F-4124-AB58-0CD6BBB0777A}"
EndProject
Project("{FAE04EC0-301F-11D3-BF4B-00C04F79EFBC}") = "TvMaze.Scraper", "TvMaze.Scraper\TvMaze.Scraper.csproj", "{BD234FAF-EC75-484B-98B6-4FB315A9952B}"
EndProject
Project("{FAE04EC0-301F-11D3-BF4B-00C04F79EFBC}") = "TvMaze.ApiClient", "ApiClient\TvMaze.ApiClient.csproj", "{2422E5C9-8D9F-4335-8D36-7A0A9F073303}"
EndProject
Global
	GlobalSection(SolutionConfigurationPlatforms) = preSolution
		Debug|Any CPU = Debug|Any CPU
		Release|Any CPU = Release|Any CPU
	EndGlobalSection
	GlobalSection(ProjectConfigurationPlatforms) = postSolution
		{B61CD8B7-483B-4A42-88F8-5CC3B6AD5B7C}.Debug|Any CPU.ActiveCfg = Debug|Any CPU
		{B61CD8B7-483B-4A42-88F8-5CC3B6AD5B7C}.Debug|Any CPU.Build.0 = Debug|Any CPU
		{B61CD8B7-483B-4A42-88F8-5CC3B6AD5B7C}.Release|Any CPU.ActiveCfg = Release|Any CPU
		{B61CD8B7-483B-4A42-88F8-5CC3B6AD5B7C}.Release|Any CPU.Build.0 = Release|Any CPU
		{FDC9ED62-AF3F-4124-AB58-0CD6BBB0777A}.Debug|Any CPU.ActiveCfg = Debug|Any CPU
		{FDC9ED62-AF3F-4124-AB58-0CD6BBB0777A}.Debug|Any CPU.Build.0 = Debug|Any CPU
		{FDC9ED62-AF3F-4124-AB58-0CD6BBB0777A}.Release|Any CPU.ActiveCfg = Release|Any CPU
		{FDC9ED62-AF3F-4124-AB58-0CD6BBB0777A}.Release|Any CPU.Build.0 = Release|Any CPU
		{BD234FAF-EC75-484B-98B6-4FB315A9952B}.Debug|Any CPU.ActiveCfg = Debug|Any CPU
		{BD234FAF-EC75-484B-98B6-4FB315A9952B}.Debug|Any CPU.Build.0 = Debug|Any CPU
		{BD234FAF-EC75-484B-98B6-4FB315A9952B}.Release|Any CPU.ActiveCfg = Release|Any CPU
		{BD234FAF-EC75-484B-98B6-4FB315A9952B}.Release|Any CPU.Build.0 = Release|Any CPU
		{2422E5C9-8D9F-4335-8D36-7A0A9F073303}.Debug|Any CPU.ActiveCfg = Debug|Any CPU
		{2422E5C9-8D9F-4335-8D36-7A0A9F073303}.Debug|Any CPU.Build.0 = Debug|Any CPU
		{2422E5C9-8D9F-4335-8D36-7A0A9F073303}.Release|Any CPU.ActiveCfg = Release|Any CPU
		{2422E5C9-8D9F-4335-8D36-7A0A9F073303}.Release|Any CPU.Build.0 = Release|Any CPU
	EndGlobalSection
	GlobalSection(SolutionProperties) = preSolution
		HideSolutionNode = FALSE
	EndGlobalSection
	GlobalSection(ExtensibilityGlobals) = postSolution
		SolutionGuid = {57D970BC-4560-4EF5-8360-E4A3B5A927C3}
	EndGlobalSection
EndGlobal
